# This file is automatically @generated by Cargo.
# It is not intended for manual editing.
version = 4

[[package]]
name = "crispii_colours"
version = "0.2.0"
dependencies = [
 "crispii_errors",
]

[[package]]
name = "crispii_errors"
version = "0.1.1"
source = "registry+https://github.com/rust-lang/crates.io-index"
checksum = "7c95e8aee066401498ecf0cd5556534ee53e29d265304c3ecd1f5a2735b658f1"
