# This file is automatically @generated by Cargo.
# It is not intended for manual editing.
version = 4

[[package]]
name = "crispii_colours"
version = "0.1.0"
dependencies = [
 "crispii_digits",
]

[[package]]
name = "crispii_digits"
version = "0.1.0"
source = "registry+https://github.com/rust-lang/crates.io-index"
checksum = "7a03511ab8a3d28e658cefb8a74942234ffeaaaa2282bb08c14864bf29cbddc5"
